
Microsoft Visual Studio Solution File, Format Version 12.00
# Visual Studio Version 17
VisualStudioVersion = 17.5.33530.505
MinimumVisualStudioVersion = 10.0.40219.1
Project("{FAE04EC0-301F-11D3-BF4B-00C04F79EFBC}") = "DomainEvents", "DomainEvents.csproj", "{7D23AB58-5DD3-41AC-BD1B-9B2D16E11FDA}"
EndProject
Global
	GlobalSection(SolutionConfigurationPlatforms) = preSolution
		Debug|Any CPU = Debug|Any CPU
		Release|Any CPU = Release|Any CPU
	EndGlobalSection
	GlobalSection(ProjectConfigurationPlatforms) = postSolution
		{7D23AB58-5DD3-41AC-BD1B-9B2D16E11FDA}.Debug|Any CPU.ActiveCfg = Debug|Any CPU
		{7D23AB58-5DD3-41AC-BD1B-9B2D16E11FDA}.Debug|Any CPU.Build.0 = Debug|Any CPU
		{7D23AB58-5DD3-41AC-BD1B-9B2D16E11FDA}.Release|Any CPU.ActiveCfg = Release|Any CPU
		{7D23AB58-5DD3-41AC-BD1B-9B2D16E11FDA}.Release|Any CPU.Build.0 = Release|Any CPU
	EndGlobalSection
	GlobalSection(SolutionProperties) = preSolution
		HideSolutionNode = FALSE
	EndGlobalSection
	GlobalSection(ExtensibilityGlobals) = postSolution
		SolutionGuid = {7E2BE7A8-3163-4CBB-A690-A3ACE151EAA6}
	EndGlobalSection
EndGlobal
